
Microsoft Visual Studio Solution File, Format Version 12.00
# Visual Studio 15
VisualStudioVersion = 15.0.27004.2008
MinimumVisualStudioVersion = 10.0.40219.1
Project("{FAE04EC0-301F-11D3-BF4B-00C04F79EFBC}") = "CheckJs_App", "CheckJs_App\CheckJs_App.csproj", "{A73B93BF-6401-4A5D-9AC8-4D332834023A}"
EndProject
Global
	GlobalSection(SolutionConfigurationPlatforms) = preSolution
		Debug|Any CPU = Debug|Any CPU
		Release|Any CPU = Release|Any CPU
	EndGlobalSection
	GlobalSection(ProjectConfigurationPlatforms) = postSolution
		{A73B93BF-6401-4A5D-9AC8-4D332834023A}.Debug|Any CPU.ActiveCfg = Debug|Any CPU
		{A73B93BF-6401-4A5D-9AC8-4D332834023A}.Debug|Any CPU.Build.0 = Debug|Any CPU
		{A73B93BF-6401-4A5D-9AC8-4D332834023A}.Release|Any CPU.ActiveCfg = Release|Any CPU
		{A73B93BF-6401-4A5D-9AC8-4D332834023A}.Release|Any CPU.Build.0 = Release|Any CPU
	EndGlobalSection
	GlobalSection(SolutionProperties) = preSolution
		HideSolutionNode = FALSE
	EndGlobalSection
	GlobalSection(ExtensibilityGlobals) = postSolution
		SolutionGuid = {87A4D5FE-A4D3-4C09-86B2-CAFB93794957}
	EndGlobalSection
EndGlobal
